// !$*UTF8*$!
{
	archiveVersion = 1;
	classes = {
	};
	objectVersion = 55;
	objects = {

/* Begin PBXBuildFile section */
		CF7300FA27DF9095003DBFB7 /* CameraApp.swift in Sources */ = {isa = PBXBuildFile; fileRef = CF7300F927DF9095003DBFB7 /* CameraApp.swift */; };
		CF7300FC27DF9095003DBFB7 /* ContentView.swift in Sources */ = {isa = PBXBuildFile; fileRef = CF7300FB27DF9095003DBFB7 /* ContentView.swift */; };
		CF7300FE27DF9096003DBFB7 /* Assets.xcassets in Resources */ = {isa = PBXBuildFile; fileRef = CF7300FD27DF9096003DBFB7 /* Assets.xcassets */; };
		CF73010127DF9096003DBFB7 /* Preview Assets.xcassets in Resources */ = {isa = PBXBuildFile; fileRef = CF73010027DF9096003DBFB7 /* Preview Assets.xcassets */; };
		CF73010A27DF91C1003DBFB7 /* ViewModel.swift in Sources */ = {isa = PBXBuildFile; fileRef = CF73010927DF91C1003DBFB7 /* ViewModel.swift */; };
		CF73010D27DF9450003DBFB7 /* Picker.swift in Sources */ = {isa = PBXBuildFile; fileRef = CF73010C27DF9450003DBFB7 /* Picker.swift */; };
		CF73010F27DF9A80003DBFB7 /* Camera's Info.plist in Resources */ = {isa = PBXBuildFile; fileRef = CF73010E27DF9A80003DBFB7 /* Camera's Info.plist */; };
		CF73011427DF9BBD003DBFB7 /* ImagePicker.swift in Sources */ = {isa = PBXBuildFile; fileRef = CF73011327DF9BBD003DBFB7 /* ImagePicker.swift */; };
		CF73011627DF9BEB003DBFB7 /* ZoomableScrollView.swift in Sources */ = {isa = PBXBuildFile; fileRef = CF73011527DF9BEB003DBFB7 /* ZoomableScrollView.swift */; };
/* End PBXBuildFile section */

/* Begin PBXFileReference section */
		CF7300F627DF9095003DBFB7 /* Camera.app */ = {isa = PBXFileReference; explicitFileType = wrapper.application; includeInIndex = 0; path = Camera.app; sourceTree = BUILT_PRODUCTS_DIR; };
		CF7300F927DF9095003DBFB7 /* CameraApp.swift */ = {isa = PBXFileReference; lastKnownFileType = sourcecode.swift; path = CameraApp.swift; sourceTree = "<group>"; };
		CF7300FB27DF9095003DBFB7 /* ContentView.swift */ = {isa = PBXFileReference; lastKnownFileType = sourcecode.swift; path = ContentView.swift; sourceTree = "<group>"; };
		CF7300FD27DF9096003DBFB7 /* Assets.xcassets */ = {isa = PBXFileReference; lastKnownFileType = folder.assetcatalog; path = Assets.xcassets; sourceTree = "<group>"; };
		CF73010027DF9096003DBFB7 /* Preview Assets.xcassets */ = {isa = PBXFileReference; lastKnownFileType = folder.assetcatalog; path = "Preview Assets.xcassets"; sourceTree = "<group>"; };
		CF73010927DF91C1003DBFB7 /* ViewModel.swift */ = {isa = PBXFileReference; lastKnownFileType = sourcecode.swift; path = ViewModel.swift; sourceTree = "<group>"; };
		CF73010C27DF9450003DBFB7 /* Picker.swift */ = {isa = PBXFileReference; lastKnownFileType = sourcecode.swift; path = Picker.swift; sourceTree = "<group>"; };
		CF73010E27DF9A80003DBFB7 /* Camera's Info.plist */ = {isa = PBXFileReference; lastKnownFileType = text.plist.xml; name = "Camera's Info.plist"; path = "Camera/My Images/Camera's Info.plist"; sourceTree = SOURCE_ROOT; };
		CF73011327DF9BBD003DBFB7 /* ImagePicker.swift */ = {isa = PBXFileReference; lastKnownFileType = sourcecode.swift; path = ImagePicker.swift; sourceTree = "<group>"; };
		CF73011527DF9BEB003DBFB7 /* ZoomableScrollView.swift */ = {isa = PBXFileReference; lastKnownFileType = sourcecode.swift; path = ZoomableScrollView.swift; sourceTree = "<group>"; };
/* End PBXFileReference section */

/* Begin PBXFrameworksBuildPhase section */
		CF7300F327DF9095003DBFB7 /* Frameworks */ = {
			isa = PBXFrameworksBuildPhase;
			buildActionMask = 2147483647;
			files = (
			);
			runOnlyForDeploymentPostprocessing = 0;
		};
/* End PBXFrameworksBuildPhase section */

/* Begin PBXGroup section */
		CF7300ED27DF9095003DBFB7 = {
			isa = PBXGroup;
			children = (
				CF7300F827DF9095003DBFB7 /* Camera */,
				CF7300F727DF9095003DBFB7 /* Products */,
			);
			sourceTree = "<group>";
		};
		CF7300F727DF9095003DBFB7 /* Products */ = {
			isa = PBXGroup;
			children = (
				CF7300F627DF9095003DBFB7 /* Camera.app */,
			);
			name = Products;
			sourceTree = "<group>";
		};
		CF7300F827DF9095003DBFB7 /* Camera */ = {
			isa = PBXGroup;
			children = (
				CF73011027DF9AB9003DBFB7 /* My Images */,
				CF73010727DF9170003DBFB7 /* Views */,
				CF73010827DF917D003DBFB7 /* ViewModels */,
				CF73010B27DF9433003DBFB7 /* Models */,
				CF73011127DF9B3E003DBFB7 /* UIViewRepresentables */,
				CF73011227DF9B67003DBFB7 /* Extensions */,
				CF7300FD27DF9096003DBFB7 /* Assets.xcassets */,
				CF7300FF27DF9096003DBFB7 /* Preview Content */,
			);
			path = Camera;
			sourceTree = "<group>";
		};
		CF7300FF27DF9096003DBFB7 /* Preview Content */ = {
			isa = PBXGroup;
			children = (
				CF73010027DF9096003DBFB7 /* Preview Assets.xcassets */,
			);
			path = "Preview Content";
			sourceTree = "<group>";
		};
		CF73010727DF9170003DBFB7 /* Views */ = {
			isa = PBXGroup;
			children = (
				CF7300FB27DF9095003DBFB7 /* ContentView.swift */,
			);
			path = Views;
			sourceTree = "<group>";
		};
		CF73010827DF917D003DBFB7 /* ViewModels */ = {
			isa = PBXGroup;
			children = (
				CF73010927DF91C1003DBFB7 /* ViewModel.swift */,
			);
			path = ViewModels;
			sourceTree = "<group>";
		};
		CF73010B27DF9433003DBFB7 /* Models */ = {
			isa = PBXGroup;
			children = (
				CF73010C27DF9450003DBFB7 /* Picker.swift */,
			);
			path = Models;
			sourceTree = "<group>";
		};
		CF73011027DF9AB9003DBFB7 /* My Images */ = {
			isa = PBXGroup;
			children = (
				CF73010E27DF9A80003DBFB7 /* Camera's Info.plist */,
				CF7300F927DF9095003DBFB7 /* CameraApp.swift */,
			);
			path = "My Images";
			sourceTree = "<group>";
		};
		CF73011127DF9B3E003DBFB7 /* UIViewRepresentables */ = {
			isa = PBXGroup;
			children = (
				CF73011327DF9BBD003DBFB7 /* ImagePicker.swift */,
				CF73011527DF9BEB003DBFB7 /* ZoomableScrollView.swift */,
			);
			path = UIViewRepresentables;
			sourceTree = "<group>";
		};
		CF73011227DF9B67003DBFB7 /* Extensions */ = {
			isa = PBXGroup;
			children = (
			);
			path = Extensions;
			sourceTree = "<group>";
		};
/* End PBXGroup section */

/* Begin PBXNativeTarget section */
		CF7300F527DF9095003DBFB7 /* Camera */ = {
			isa = PBXNativeTarget;
			buildConfigurationList = CF73010427DF9096003DBFB7 /* Build configuration list for PBXNativeTarget "Camera" */;
			buildPhases = (
				CF7300F227DF9095003DBFB7 /* Sources */,
				CF7300F327DF9095003DBFB7 /* Frameworks */,
				CF7300F427DF9095003DBFB7 /* Resources */,
			);
			buildRules = (
			);
			dependencies = (
			);
			name = Camera;
			productName = Camera;
			productReference = CF7300F627DF9095003DBFB7 /* Camera.app */;
			productType = "com.apple.product-type.application";
		};
/* End PBXNativeTarget section */

/* Begin PBXProject section */
		CF7300EE27DF9095003DBFB7 /* Project object */ = {
			isa = PBXProject;
			attributes = {
				BuildIndependentTargetsInParallel = 1;
				LastSwiftUpdateCheck = 1320;
				LastUpgradeCheck = 1320;
				TargetAttributes = {
					CF7300F527DF9095003DBFB7 = {
						CreatedOnToolsVersion = 13.2.1;
					};
				};
			};
			buildConfigurationList = CF7300F127DF9095003DBFB7 /* Build configuration list for PBXProject "Camera" */;
			compatibilityVersion = "Xcode 13.0";
			developmentRegion = en;
			hasScannedForEncodings = 0;
			knownRegions = (
				en,
				Base,
			);
			mainGroup = CF7300ED27DF9095003DBFB7;
			productRefGroup = CF7300F727DF9095003DBFB7 /* Products */;
			projectDirPath = "";
			projectRoot = "";
			targets = (
				CF7300F527DF9095003DBFB7 /* Camera */,
			);
		};
/* End PBXProject section */

/* Begin PBXResourcesBuildPhase section */
		CF7300F427DF9095003DBFB7 /* Resources */ = {
			isa = PBXResourcesBuildPhase;
			buildActionMask = 2147483647;
			files = (
				CF73010127DF9096003DBFB7 /* Preview Assets.xcassets in Resources */,
				CF7300FE27DF9096003DBFB7 /* Assets.xcassets in Resources */,
				CF73010F27DF9A80003DBFB7 /* Camera's Info.plist in Resources */,
			);
			runOnlyForDeploymentPostprocessing = 0;
		};
/* End PBXResourcesBuildPhase section */

/* Begin PBXSourcesBuildPhase section */
		CF7300F227DF9095003DBFB7 /* Sources */ = {
			isa = PBXSourcesBuildPhase;
			buildActionMask = 2147483647;
			files = (
				CF7300FC27DF9095003DBFB7 /* ContentView.swift in Sources */,
				CF73010D27DF9450003DBFB7 /* Picker.swift in Sources */,
				CF73011427DF9BBD003DBFB7 /* ImagePicker.swift in Sources */,
				CF73010A27DF91C1003DBFB7 /* ViewModel.swift in Sources */,
				CF73011627DF9BEB003DBFB7 /* ZoomableScrollView.swift in Sources */,
				CF7300FA27DF9095003DBFB7 /* CameraApp.swift in Sources */,
			);
			runOnlyForDeploymentPostprocessing = 0;
		};
/* End PBXSourcesBuildPhase section */

/* Begin XCBuildConfiguration section */
		CF73010227DF9096003DBFB7 /* Debug */ = {
			isa = XCBuildConfiguration;
			buildSettings = {
				ALWAYS_SEARCH_USER_PATHS = NO;
				CLANG_ANALYZER_NONNULL = YES;
				CLANG_ANALYZER_NUMBER_OBJECT_CONVERSION = YES_AGGRESSIVE;
				CLANG_CXX_LANGUAGE_STANDARD = "gnu++17";
				CLANG_CXX_LIBRARY = "libc++";
				CLANG_ENABLE_MODULES = YES;
				CLANG_ENABLE_OBJC_ARC = YES;
				CLANG_ENABLE_OBJC_WEAK = YES;
				CLANG_WARN_BLOCK_CAPTURE_AUTORELEASING = YES;
				CLANG_WARN_BOOL_CONVERSION = YES;
				CLANG_WARN_COMMA = YES;
				CLANG_WARN_CONSTANT_CONVERSION = YES;
				CLANG_WARN_DEPRECATED_OBJC_IMPLEMENTATIONS = YES;
				CLANG_WARN_DIRECT_OBJC_ISA_USAGE = YES_ERROR;
				CLANG_WARN_DOCUMENTATION_COMMENTS = YES;
				CLANG_WARN_EMPTY_BODY = YES;
				CLANG_WARN_ENUM_CONVERSION = YES;
				CLANG_WARN_INFINITE_RECURSION = YES;
				CLANG_WARN_INT_CONVERSION = YES;
				CLANG_WARN_NON_LITERAL_NULL_CONVERSION = YES;
				CLANG_WARN_OBJC_IMPLICIT_RETAIN_SELF = YES;
				CLANG_WARN_OBJC_LITERAL_CONVERSION = YES;
				CLANG_WARN_OBJC_ROOT_CLASS = YES_ERROR;
				CLANG_WARN_QUOTED_INCLUDE_IN_FRAMEWORK_HEADER = YES;
				CLANG_WARN_RANGE_LOOP_ANALYSIS = YES;
				CLANG_WARN_STRICT_PROTOTYPES = YES;
				CLANG_WARN_SUSPICIOUS_MOVE = YES;
				CLANG_WARN_UNGUARDED_AVAILABILITY = YES_AGGRESSIVE;
				CLANG_WARN_UNREACHABLE_CODE = YES;
				CLANG_WARN__DUPLICATE_METHOD_MATCH = YES;
				COPY_PHASE_STRIP = NO;
				DEBUG_INFORMATION_FORMAT = dwarf;
				ENABLE_STRICT_OBJC_MSGSEND = YES;
				ENABLE_TESTABILITY = YES;
				GCC_C_LANGUAGE_STANDARD = gnu11;
				GCC_DYNAMIC_NO_PIC = NO;
				GCC_NO_COMMON_BLOCKS = YES;
				GCC_OPTIMIZATION_LEVEL = 0;
				GCC_PREPROCESSOR_DEFINITIONS = (
					"DEBUG=1",
					"$(inherited)",
				);
				GCC_WARN_64_TO_32_BIT_CONVERSION = YES;
				GCC_WARN_ABOUT_RETURN_TYPE = YES_ERROR;
				GCC_WARN_UNDECLARED_SELECTOR = YES;
				GCC_WARN_UNINITIALIZED_AUTOS = YES_AGGRESSIVE;
				GCC_WARN_UNUSED_FUNCTION = YES;
				GCC_WARN_UNUSED_VARIABLE = YES;
				IPHONEOS_DEPLOYMENT_TARGET = 15.2;
				MTL_ENABLE_DEBUG_INFO = INCLUDE_SOURCE;
				MTL_FAST_MATH = YES;
				ONLY_ACTIVE_ARCH = YES;
				SDKROOT = iphoneos;
				SWIFT_ACTIVE_COMPILATION_CONDITIONS = DEBUG;
				SWIFT_OPTIMIZATION_LEVEL = "-Onone";
			};
			name = Debug;
		};
		CF73010327DF9096003DBFB7 /* Release */ = {
			isa = XCBuildConfiguration;
			buildSettings = {
				ALWAYS_SEARCH_USER_PATHS = NO;
				CLANG_ANALYZER_NONNULL = YES;
				CLANG_ANALYZER_NUMBER_OBJECT_CONVERSION = YES_AGGRESSIVE;
				CLANG_CXX_LANGUAGE_STANDARD = "gnu++17";
				CLANG_CXX_LIBRARY = "libc++";
				CLANG_ENABLE_MODULES = YES;
				CLANG_ENABLE_OBJC_ARC = YES;
				CLANG_ENABLE_OBJC_WEAK = YES;
				CLANG_WARN_BLOCK_CAPTURE_AUTORELEASING = YES;
				CLANG_WARN_BOOL_CONVERSION = YES;
				CLANG_WARN_COMMA = YES;
				CLANG_WARN_CONSTANT_CONVERSION = YES;
				CLANG_WARN_DEPRECATED_OBJC_IMPLEMENTATIONS = YES;
				CLANG_WARN_DIRECT_OBJC_ISA_USAGE = YES_ERROR;
				CLANG_WARN_DOCUMENTATION_COMMENTS = YES;
				CLANG_WARN_EMPTY_BODY = YES;
				CLANG_WARN_ENUM_CONVERSION = YES;
				CLANG_WARN_INFINITE_RECURSION = YES;
				CLANG_WARN_INT_CONVERSION = YES;
				CLANG_WARN_NON_LITERAL_NULL_CONVERSION = YES;
				CLANG_WARN_OBJC_IMPLICIT_RETAIN_SELF = YES;
				CLANG_WARN_OBJC_LITERAL_CONVERSION = YES;
				CLANG_WARN_OBJC_ROOT_CLASS = YES_ERROR;
				CLANG_WARN_QUOTED_INCLUDE_IN_FRAMEWORK_HEADER = YES;
				CLANG_WARN_RANGE_LOOP_ANALYSIS = YES;
				CLANG_WARN_STRICT_PROTOTYPES = YES;
				CLANG_WARN_SUSPICIOUS_MOVE = YES;
				CLANG_WARN_UNGUARDED_AVAILABILITY = YES_AGGRESSIVE;
				CLANG_WARN_UNREACHABLE_CODE = YES;
				CLANG_WARN__DUPLICATE_METHOD_MATCH = YES;
				COPY_PHASE_STRIP = NO;
				DEBUG_INFORMATION_FORMAT = "dwarf-with-dsym";
				ENABLE_NS_ASSERTIONS = NO;
				ENABLE_STRICT_OBJC_MSGSEND = YES;
				GCC_C_LANGUAGE_STANDARD = gnu11;
				GCC_NO_COMMON_BLOCKS = YES;
				GCC_WARN_64_TO_32_BIT_CONVERSION = YES;
				GCC_WARN_ABOUT_RETURN_TYPE = YES_ERROR;
				GCC_WARN_UNDECLARED_SELECTOR = YES;
				GCC_WARN_UNINITIALIZED_AUTOS = YES_AGGRESSIVE;
				GCC_WARN_UNUSED_FUNCTION = YES;
				GCC_WARN_UNUSED_VARIABLE = YES;
				IPHONEOS_DEPLOYMENT_TARGET = 15.2;
				MTL_ENABLE_DEBUG_INFO = NO;
				MTL_FAST_MATH = YES;
				SDKROOT = iphoneos;
				SWIFT_COMPILATION_MODE = wholemodule;
				SWIFT_OPTIMIZATION_LEVEL = "-O";
				VALIDATE_PRODUCT = YES;
			};
			name = Release;
		};
		CF73010527DF9096003DBFB7 /* Debug */ = {
			isa = XCBuildConfiguration;
			buildSettings = {
				ASSETCATALOG_COMPILER_APPICON_NAME = AppIcon;
				ASSETCATALOG_COMPILER_GLOBAL_ACCENT_COLOR_NAME = AccentColor;
				CODE_SIGN_STYLE = Automatic;
				CURRENT_PROJECT_VERSION = 1;
				DEVELOPMENT_ASSET_PATHS = "\"Camera/Preview Content\"";
				DEVELOPMENT_TEAM = HD55Y7F67X;
				ENABLE_PREVIEWS = YES;
				GENERATE_INFOPLIST_FILE = YES;
				INFOPLIST_KEY_NSCameraUsageDescription = "Would like to use your Camera";
				INFOPLIST_KEY_NSPhotoLibraryUsageDescription = "Would like to use photos";
				INFOPLIST_KEY_UIApplicationSceneManifest_Generation = YES;
				INFOPLIST_KEY_UIApplicationSupportsIndirectInputEvents = YES;
				INFOPLIST_KEY_UILaunchScreen_Generation = YES;
				INFOPLIST_KEY_UISupportedInterfaceOrientations_iPad = "UIInterfaceOrientationPortrait UIInterfaceOrientationPortraitUpsideDown UIInterfaceOrientationLandscapeLeft UIInterfaceOrientationLandscapeRight";
				INFOPLIST_KEY_UISupportedInterfaceOrientations_iPhone = "UIInterfaceOrientationPortrait UIInterfaceOrientationLandscapeLeft UIInterfaceOrientationLandscapeRight";
				LD_RUNPATH_SEARCH_PATHS = (
					"$(inherited)",
					"@executable_path/Frameworks",
				);
				MARKETING_VERSION = 1.0;
				PRODUCT_BUNDLE_IDENTIFIER = com.mirna.Camera;
				PRODUCT_NAME = "$(TARGET_NAME)";
				SWIFT_EMIT_LOC_STRINGS = YES;
				SWIFT_VERSION = 5.0;
				TARGETED_DEVICE_FAMILY = "1,2";
			};
			name = Debug;
		};
		CF73010627DF9096003DBFB7 /* Release */ = {
			isa = XCBuildConfiguration;
			buildSettings = {
				ASSETCATALOG_COMPILER_APPICON_NAME = AppIcon;
				ASSETCATALOG_COMPILER_GLOBAL_ACCENT_COLOR_NAME = AccentColor;
				CODE_SIGN_STYLE = Automatic;
				CURRENT_PROJECT_VERSION = 1;
				DEVELOPMENT_ASSET_PATHS = "\"Camera/Preview Content\"";
				DEVELOPMENT_TEAM = HD55Y7F67X;
				ENABLE_PREVIEWS = YES;
				GENERATE_INFOPLIST_FILE = YES;
				INFOPLIST_KEY_NSCameraUsageDescription = "Would like to use your Camera";
				INFOPLIST_KEY_NSPhotoLibraryUsageDescription = "Would like to use photos";
				INFOPLIST_KEY_UIApplicationSceneManifest_Generation = YES;
				INFOPLIST_KEY_UIApplicationSupportsIndirectInputEvents = YES;
				INFOPLIST_KEY_UILaunchScreen_Generation = YES;
				INFOPLIST_KEY_UISupportedInterfaceOrientations_iPad = "UIInterfaceOrientationPortrait UIInterfaceOrientationPortraitUpsideDown UIInterfaceOrientationLandscapeLeft UIInterfaceOrientationLandscapeRight";
				INFOPLIST_KEY_UISupportedInterfaceOrientations_iPhone = "UIInterfaceOrientationPortrait UIInterfaceOrientationLandscapeLeft UIInterfaceOrientationLandscapeRight";
				LD_RUNPATH_SEARCH_PATHS = (
					"$(inherited)",
					"@executable_path/Frameworks",
				);
				MARKETING_VERSION = 1.0;
				PRODUCT_BUNDLE_IDENTIFIER = com.mirna.Camera;
				PRODUCT_NAME = "$(TARGET_NAME)";
				SWIFT_EMIT_LOC_STRINGS = YES;
				SWIFT_VERSION = 5.0;
				TARGETED_DEVICE_FAMILY = "1,2";
			};
			name = Release;
		};
/* End XCBuildConfiguration section */

/* Begin XCConfigurationList section */
		CF7300F127DF9095003DBFB7 /* Build configuration list for PBXProject "Camera" */ = {
			isa = XCConfigurationList;
			buildConfigurations = (
				CF73010227DF9096003DBFB7 /* Debug */,
				CF73010327DF9096003DBFB7 /* Release */,
			);
			defaultConfigurationIsVisible = 0;
			defaultConfigurationName = Release;
		};
		CF73010427DF9096003DBFB7 /* Build configuration list for PBXNativeTarget "Camera" */ = {
			isa = XCConfigurationList;
			buildConfigurations = (
				CF73010527DF9096003DBFB7 /* Debug */,
				CF73010627DF9096003DBFB7 /* Release */,
			);
			defaultConfigurationIsVisible = 0;
			defaultConfigurationName = Release;
		};
/* End XCConfigurationList section */
	};
	rootObject = CF7300EE27DF9095003DBFB7 /* Project object */;
}
